{
  "name": "LMS",
  "lockfileVersion": 2,
  "requires": true,
  "packages": {
    "": {
      "dependencies": {
        "ag-grid-community": "^33.1.0"
      }
    },
    "node_modules/ag-charts-types": {
      "version": "11.1.0",
      "resolved": "https://registry.npmjs.org/ag-charts-types/-/ag-charts-types-11.1.0.tgz",
      "integrity": "sha512-9cu2vJuFZNrhf7o5USG5n/meTIJKhJfTIds5ziRV+FI3mT1QZME2nchu4WQnoIE8gft9ACkuhtCUgOyW44A2iQ=="
    },
    "node_modules/ag-grid-community": {
      "version": "33.1.0",
      "resolved": "https://registry.npmjs.org/ag-grid-community/-/ag-grid-community-33.1.0.tgz",
      "integrity": "sha512-xPEgNjRuudfimbGytoDttjlgAjz/N+muq7Tgw2GTMuUeSG0z54kBObvJxhezOEEashVMKBpqb/YhzIE6e+opqQ==",
      "dependencies": {
        "ag-charts-types": "11.1.0"
      }
    }
  },
  "dependencies": {
    "ag-charts-types": {
      "version": "11.1.0",
      "resolved": "https://registry.npmjs.org/ag-charts-types/-/ag-charts-types-11.1.0.tgz",
      "integrity": "sha512-9cu2vJuFZNrhf7o5USG5n/meTIJKhJfTIds5ziRV+FI3mT1QZME2nchu4WQnoIE8gft9ACkuhtCUgOyW44A2iQ=="
    },
    "ag-grid-community": {
      "version": "33.1.0",
      "resolved": "https://registry.npmjs.org/ag-grid-community/-/ag-grid-community-33.1.0.tgz",
      "integrity": "sha512-xPEgNjRuudfimbGytoDttjlgAjz/N+muq7Tgw2GTMuUeSG0z54kBObvJxhezOEEashVMKBpqb/YhzIE6e+opqQ==",
      "requires": {
        "ag-charts-types": "11.1.0"
      }
    }
  }
}
